// !$*UTF8*$!
{
	archiveVersion = 1;
	classes = {
	};
	objectVersion = 55;
	objects = {

/* Begin PBXBuildFile section */
		90F76F8D27F5C548000D05BA /* AppDelegate.swift in Sources */ = {isa = PBXBuildFile; fileRef = 90F76F8C27F5C548000D05BA /* AppDelegate.swift */; };
		90F76F8F27F5C548000D05BA /* SceneDelegate.swift in Sources */ = {isa = PBXBuildFile; fileRef = 90F76F8E27F5C548000D05BA /* SceneDelegate.swift */; };
		90F76F9127F5C548000D05BA /* ViewController.swift in Sources */ = {isa = PBXBuildFile; fileRef = 90F76F9027F5C548000D05BA /* ViewController.swift */; };
		90F76F9627F5C54A000D05BA /* Assets.xcassets in Resources */ = {isa = PBXBuildFile; fileRef = 90F76F9527F5C54A000D05BA /* Assets.xcassets */; };
		90F76F9927F5C54A000D05BA /* LaunchScreen.storyboard in Resources */ = {isa = PBXBuildFile; fileRef = 90F76F9727F5C54A000D05BA /* LaunchScreen.storyboard */; };
		90F76FA127F5C9A0000D05BA /* ViewController.xib in Resources */ = {isa = PBXBuildFile; fileRef = 90F76FA027F5C9A0000D05BA /* ViewController.xib */; };
		90F76FAF27F5DFC2000D05BA /* IntroductionContentViewController.swift in Sources */ = {isa = PBXBuildFile; fileRef = 90F76FAD27F5DFC2000D05BA /* IntroductionContentViewController.swift */; };
		90F76FB027F5DFC2000D05BA /* IntroductionContentViewController.xib in Resources */ = {isa = PBXBuildFile; fileRef = 90F76FAE27F5DFC2000D05BA /* IntroductionContentViewController.xib */; };
		90F76FB727F5EDA7000D05BA /* IntroductionPageViewController.swift in Sources */ = {isa = PBXBuildFile; fileRef = 90F76FB527F5EDA6000D05BA /* IntroductionPageViewController.swift */; };
		90F76FBB27F5F59D000D05BA /* IntroductionViewController.swift in Sources */ = {isa = PBXBuildFile; fileRef = 90F76FB927F5F59D000D05BA /* IntroductionViewController.swift */; };
		90F76FBC27F5F59D000D05BA /* IntroductionViewController.xib in Resources */ = {isa = PBXBuildFile; fileRef = 90F76FBA27F5F59D000D05BA /* IntroductionViewController.xib */; };
		90F76FBF27F5FB9F000D05BA /* AppButton.swift in Sources */ = {isa = PBXBuildFile; fileRef = 90F76FBE27F5FB9F000D05BA /* AppButton.swift */; };
		90F76FC327F5FF46000D05BA /* extension.swift in Sources */ = {isa = PBXBuildFile; fileRef = 90F76FC227F5FF46000D05BA /* extension.swift */; };
/* End PBXBuildFile section */

/* Begin PBXFileReference section */
		90F76F8927F5C548000D05BA /* vidio clone.app */ = {isa = PBXFileReference; explicitFileType = wrapper.application; includeInIndex = 0; path = "vidio clone.app"; sourceTree = BUILT_PRODUCTS_DIR; };
		90F76F8C27F5C548000D05BA /* AppDelegate.swift */ = {isa = PBXFileReference; lastKnownFileType = sourcecode.swift; path = AppDelegate.swift; sourceTree = "<group>"; };
		90F76F8E27F5C548000D05BA /* SceneDelegate.swift */ = {isa = PBXFileReference; lastKnownFileType = sourcecode.swift; path = SceneDelegate.swift; sourceTree = "<group>"; };
		90F76F9027F5C548000D05BA /* ViewController.swift */ = {isa = PBXFileReference; lastKnownFileType = sourcecode.swift; path = ViewController.swift; sourceTree = "<group>"; };
		90F76F9527F5C54A000D05BA /* Assets.xcassets */ = {isa = PBXFileReference; lastKnownFileType = folder.assetcatalog; path = Assets.xcassets; sourceTree = "<group>"; };
		90F76F9827F5C54A000D05BA /* Base */ = {isa = PBXFileReference; lastKnownFileType = file.storyboard; name = Base; path = Base.lproj/LaunchScreen.storyboard; sourceTree = "<group>"; };
		90F76F9A27F5C54A000D05BA /* Info.plist */ = {isa = PBXFileReference; lastKnownFileType = text.plist.xml; path = Info.plist; sourceTree = "<group>"; };
		90F76FA027F5C9A0000D05BA /* ViewController.xib */ = {isa = PBXFileReference; lastKnownFileType = file.xib; path = ViewController.xib; sourceTree = "<group>"; };
		90F76FAD27F5DFC2000D05BA /* IntroductionContentViewController.swift */ = {isa = PBXFileReference; lastKnownFileType = sourcecode.swift; path = IntroductionContentViewController.swift; sourceTree = "<group>"; };
		90F76FAE27F5DFC2000D05BA /* IntroductionContentViewController.xib */ = {isa = PBXFileReference; lastKnownFileType = file.xib; path = IntroductionContentViewController.xib; sourceTree = "<group>"; };
		90F76FB527F5EDA6000D05BA /* IntroductionPageViewController.swift */ = {isa = PBXFileReference; lastKnownFileType = sourcecode.swift; path = IntroductionPageViewController.swift; sourceTree = "<group>"; };
		90F76FB927F5F59D000D05BA /* IntroductionViewController.swift */ = {isa = PBXFileReference; lastKnownFileType = sourcecode.swift; path = IntroductionViewController.swift; sourceTree = "<group>"; };
		90F76FBA27F5F59D000D05BA /* IntroductionViewController.xib */ = {isa = PBXFileReference; lastKnownFileType = file.xib; path = IntroductionViewController.xib; sourceTree = "<group>"; };
		90F76FBE27F5FB9F000D05BA /* AppButton.swift */ = {isa = PBXFileReference; lastKnownFileType = sourcecode.swift; path = AppButton.swift; sourceTree = "<group>"; };
		90F76FC227F5FF46000D05BA /* extension.swift */ = {isa = PBXFileReference; lastKnownFileType = sourcecode.swift; path = extension.swift; sourceTree = "<group>"; };
/* End PBXFileReference section */

/* Begin PBXFrameworksBuildPhase section */
		90F76F8627F5C548000D05BA /* Frameworks */ = {
			isa = PBXFrameworksBuildPhase;
			buildActionMask = 2147483647;
			files = (
			);
			runOnlyForDeploymentPostprocessing = 0;
		};
/* End PBXFrameworksBuildPhase section */

/* Begin PBXGroup section */
		90F76F8027F5C547000D05BA = {
			isa = PBXGroup;
			children = (
				90F76F8B27F5C548000D05BA /* vidio clone */,
				90F76F8A27F5C548000D05BA /* Products */,
			);
			sourceTree = "<group>";
		};
		90F76F8A27F5C548000D05BA /* Products */ = {
			isa = PBXGroup;
			children = (
				90F76F8927F5C548000D05BA /* vidio clone.app */,
			);
			name = Products;
			sourceTree = "<group>";
		};
		90F76F8B27F5C548000D05BA /* vidio clone */ = {
			isa = PBXGroup;
			children = (
				90F76FA627F5DCC7000D05BA /* domain */,
				90F76FA527F5DCB4000D05BA /* utils */,
				90F76FA427F5DC17000D05BA /* application */,
				90F76FA327F5DC09000D05BA /* data */,
				90F76FA227F5DBFE000D05BA /* presentation */,
				90F76F8C27F5C548000D05BA /* AppDelegate.swift */,
				90F76F8E27F5C548000D05BA /* SceneDelegate.swift */,
				90F76F9027F5C548000D05BA /* ViewController.swift */,
				90F76F9527F5C54A000D05BA /* Assets.xcassets */,
				90F76F9727F5C54A000D05BA /* LaunchScreen.storyboard */,
				90F76F9A27F5C54A000D05BA /* Info.plist */,
				90F76FA027F5C9A0000D05BA /* ViewController.xib */,
			);
			path = "vidio clone";
			sourceTree = "<group>";
		};
		90F76FA227F5DBFE000D05BA /* presentation */ = {
			isa = PBXGroup;
			children = (
				90F76FBD27F5FA38000D05BA /* custom */,
				90F76FA827F5DCEB000D05BA /* authentication */,
				90F76FA727F5DCD4000D05BA /* introduction */,
			);
			path = presentation;
			sourceTree = "<group>";
		};
		90F76FA327F5DC09000D05BA /* data */ = {
			isa = PBXGroup;
			children = (
			);
			path = data;
			sourceTree = "<group>";
		};
		90F76FA427F5DC17000D05BA /* application */ = {
			isa = PBXGroup;
			children = (
			);
			path = application;
			sourceTree = "<group>";
		};
		90F76FA527F5DCB4000D05BA /* utils */ = {
			isa = PBXGroup;
			children = (
				90F76FC227F5FF46000D05BA /* extension.swift */,
			);
			path = utils;
			sourceTree = "<group>";
		};
		90F76FA627F5DCC7000D05BA /* domain */ = {
			isa = PBXGroup;
			children = (
			);
			path = domain;
			sourceTree = "<group>";
		};
		90F76FA727F5DCD4000D05BA /* introduction */ = {
			isa = PBXGroup;
			children = (
				90F76FAD27F5DFC2000D05BA /* IntroductionContentViewController.swift */,
				90F76FAE27F5DFC2000D05BA /* IntroductionContentViewController.xib */,
				90F76FB527F5EDA6000D05BA /* IntroductionPageViewController.swift */,
				90F76FB927F5F59D000D05BA /* IntroductionViewController.swift */,
				90F76FBA27F5F59D000D05BA /* IntroductionViewController.xib */,
			);
			path = introduction;
			sourceTree = "<group>";
		};
		90F76FA827F5DCEB000D05BA /* authentication */ = {
			isa = PBXGroup;
			children = (
			);
			path = authentication;
			sourceTree = "<group>";
		};
		90F76FBD27F5FA38000D05BA /* custom */ = {
			isa = PBXGroup;
			children = (
				90F76FBE27F5FB9F000D05BA /* AppButton.swift */,
			);
			path = custom;
			sourceTree = "<group>";
		};
/* End PBXGroup section */

/* Begin PBXNativeTarget section */
		90F76F8827F5C548000D05BA /* vidio clone */ = {
			isa = PBXNativeTarget;
			buildConfigurationList = 90F76F9D27F5C54A000D05BA /* Build configuration list for PBXNativeTarget "vidio clone" */;
			buildPhases = (
				90F76F8527F5C548000D05BA /* Sources */,
				90F76F8627F5C548000D05BA /* Frameworks */,
				90F76F8727F5C548000D05BA /* Resources */,
			);
			buildRules = (
			);
			dependencies = (
			);
			name = "vidio clone";
			productName = "vidio clone";
			productReference = 90F76F8927F5C548000D05BA /* vidio clone.app */;
			productType = "com.apple.product-type.application";
		};
/* End PBXNativeTarget section */

/* Begin PBXProject section */
		90F76F8127F5C547000D05BA /* Project object */ = {
			isa = PBXProject;
			attributes = {
				BuildIndependentTargetsInParallel = 1;
				LastSwiftUpdateCheck = 1320;
				LastUpgradeCheck = 1320;
				TargetAttributes = {
					90F76F8827F5C548000D05BA = {
						CreatedOnToolsVersion = 13.2.1;
					};
				};
			};
			buildConfigurationList = 90F76F8427F5C547000D05BA /* Build configuration list for PBXProject "vidio clone" */;
			compatibilityVersion = "Xcode 13.0";
			developmentRegion = en;
			hasScannedForEncodings = 0;
			knownRegions = (
				en,
				Base,
			);
			mainGroup = 90F76F8027F5C547000D05BA;
			productRefGroup = 90F76F8A27F5C548000D05BA /* Products */;
			projectDirPath = "";
			projectRoot = "";
			targets = (
				90F76F8827F5C548000D05BA /* vidio clone */,
			);
		};
/* End PBXProject section */

/* Begin PBXResourcesBuildPhase section */
		90F76F8727F5C548000D05BA /* Resources */ = {
			isa = PBXResourcesBuildPhase;
			buildActionMask = 2147483647;
			files = (
				90F76FBC27F5F59D000D05BA /* IntroductionViewController.xib in Resources */,
				90F76F9927F5C54A000D05BA /* LaunchScreen.storyboard in Resources */,
				90F76FA127F5C9A0000D05BA /* ViewController.xib in Resources */,
				90F76FB027F5DFC2000D05BA /* IntroductionContentViewController.xib in Resources */,
				90F76F9627F5C54A000D05BA /* Assets.xcassets in Resources */,
			);
			runOnlyForDeploymentPostprocessing = 0;
		};
/* End PBXResourcesBuildPhase section */

/* Begin PBXSourcesBuildPhase section */
		90F76F8527F5C548000D05BA /* Sources */ = {
			isa = PBXSourcesBuildPhase;
			buildActionMask = 2147483647;
			files = (
				90F76FBF27F5FB9F000D05BA /* AppButton.swift in Sources */,
				90F76F9127F5C548000D05BA /* ViewController.swift in Sources */,
				90F76FC327F5FF46000D05BA /* extension.swift in Sources */,
				90F76F8D27F5C548000D05BA /* AppDelegate.swift in Sources */,
				90F76F8F27F5C548000D05BA /* SceneDelegate.swift in Sources */,
				90F76FB727F5EDA7000D05BA /* IntroductionPageViewController.swift in Sources */,
				90F76FBB27F5F59D000D05BA /* IntroductionViewController.swift in Sources */,
				90F76FAF27F5DFC2000D05BA /* IntroductionContentViewController.swift in Sources */,
			);
			runOnlyForDeploymentPostprocessing = 0;
		};
/* End PBXSourcesBuildPhase section */

/* Begin PBXVariantGroup section */
		90F76F9727F5C54A000D05BA /* LaunchScreen.storyboard */ = {
			isa = PBXVariantGroup;
			children = (
				90F76F9827F5C54A000D05BA /* Base */,
			);
			name = LaunchScreen.storyboard;
			sourceTree = "<group>";
		};
/* End PBXVariantGroup section */

/* Begin XCBuildConfiguration section */
		90F76F9B27F5C54A000D05BA /* Debug */ = {
			isa = XCBuildConfiguration;
			buildSettings = {
				ALWAYS_SEARCH_USER_PATHS = NO;
				CLANG_ANALYZER_NONNULL = YES;
				CLANG_ANALYZER_NUMBER_OBJECT_CONVERSION = YES_AGGRESSIVE;
				CLANG_CXX_LANGUAGE_STANDARD = "gnu++17";
				CLANG_CXX_LIBRARY = "libc++";
				CLANG_ENABLE_MODULES = YES;
				CLANG_ENABLE_OBJC_ARC = YES;
				CLANG_ENABLE_OBJC_WEAK = YES;
				CLANG_WARN_BLOCK_CAPTURE_AUTORELEASING = YES;
				CLANG_WARN_BOOL_CONVERSION = YES;
				CLANG_WARN_COMMA = YES;
				CLANG_WARN_CONSTANT_CONVERSION = YES;
				CLANG_WARN_DEPRECATED_OBJC_IMPLEMENTATIONS = YES;
				CLANG_WARN_DIRECT_OBJC_ISA_USAGE = YES_ERROR;
				CLANG_WARN_DOCUMENTATION_COMMENTS = YES;
				CLANG_WARN_EMPTY_BODY = YES;
				CLANG_WARN_ENUM_CONVERSION = YES;
				CLANG_WARN_INFINITE_RECURSION = YES;
				CLANG_WARN_INT_CONVERSION = YES;
				CLANG_WARN_NON_LITERAL_NULL_CONVERSION = YES;
				CLANG_WARN_OBJC_IMPLICIT_RETAIN_SELF = YES;
				CLANG_WARN_OBJC_LITERAL_CONVERSION = YES;
				CLANG_WARN_OBJC_ROOT_CLASS = YES_ERROR;
				CLANG_WARN_QUOTED_INCLUDE_IN_FRAMEWORK_HEADER = YES;
				CLANG_WARN_RANGE_LOOP_ANALYSIS = YES;
				CLANG_WARN_STRICT_PROTOTYPES = YES;
				CLANG_WARN_SUSPICIOUS_MOVE = YES;
				CLANG_WARN_UNGUARDED_AVAILABILITY = YES_AGGRESSIVE;
				CLANG_WARN_UNREACHABLE_CODE = YES;
				CLANG_WARN__DUPLICATE_METHOD_MATCH = YES;
				COPY_PHASE_STRIP = NO;
				DEBUG_INFORMATION_FORMAT = dwarf;
				ENABLE_STRICT_OBJC_MSGSEND = YES;
				ENABLE_TESTABILITY = YES;
				GCC_C_LANGUAGE_STANDARD = gnu11;
				GCC_DYNAMIC_NO_PIC = NO;
				GCC_NO_COMMON_BLOCKS = YES;
				GCC_OPTIMIZATION_LEVEL = 0;
				GCC_PREPROCESSOR_DEFINITIONS = (
					"DEBUG=1",
					"$(inherited)",
				);
				GCC_WARN_64_TO_32_BIT_CONVERSION = YES;
				GCC_WARN_ABOUT_RETURN_TYPE = YES_ERROR;
				GCC_WARN_UNDECLARED_SELECTOR = YES;
				GCC_WARN_UNINITIALIZED_AUTOS = YES_AGGRESSIVE;
				GCC_WARN_UNUSED_FUNCTION = YES;
				GCC_WARN_UNUSED_VARIABLE = YES;
				IPHONEOS_DEPLOYMENT_TARGET = 15.2;
				MTL_ENABLE_DEBUG_INFO = INCLUDE_SOURCE;
				MTL_FAST_MATH = YES;
				ONLY_ACTIVE_ARCH = YES;
				SDKROOT = iphoneos;
				SWIFT_ACTIVE_COMPILATION_CONDITIONS = DEBUG;
				SWIFT_OPTIMIZATION_LEVEL = "-Onone";
			};
			name = Debug;
		};
		90F76F9C27F5C54A000D05BA /* Release */ = {
			isa = XCBuildConfiguration;
			buildSettings = {
				ALWAYS_SEARCH_USER_PATHS = NO;
				CLANG_ANALYZER_NONNULL = YES;
				CLANG_ANALYZER_NUMBER_OBJECT_CONVERSION = YES_AGGRESSIVE;
				CLANG_CXX_LANGUAGE_STANDARD = "gnu++17";
				CLANG_CXX_LIBRARY = "libc++";
				CLANG_ENABLE_MODULES = YES;
				CLANG_ENABLE_OBJC_ARC = YES;
				CLANG_ENABLE_OBJC_WEAK = YES;
				CLANG_WARN_BLOCK_CAPTURE_AUTORELEASING = YES;
				CLANG_WARN_BOOL_CONVERSION = YES;
				CLANG_WARN_COMMA = YES;
				CLANG_WARN_CONSTANT_CONVERSION = YES;
				CLANG_WARN_DEPRECATED_OBJC_IMPLEMENTATIONS = YES;
				CLANG_WARN_DIRECT_OBJC_ISA_USAGE = YES_ERROR;
				CLANG_WARN_DOCUMENTATION_COMMENTS = YES;
				CLANG_WARN_EMPTY_BODY = YES;
				CLANG_WARN_ENUM_CONVERSION = YES;
				CLANG_WARN_INFINITE_RECURSION = YES;
				CLANG_WARN_INT_CONVERSION = YES;
				CLANG_WARN_NON_LITERAL_NULL_CONVERSION = YES;
				CLANG_WARN_OBJC_IMPLICIT_RETAIN_SELF = YES;
				CLANG_WARN_OBJC_LITERAL_CONVERSION = YES;
				CLANG_WARN_OBJC_ROOT_CLASS = YES_ERROR;
				CLANG_WARN_QUOTED_INCLUDE_IN_FRAMEWORK_HEADER = YES;
				CLANG_WARN_RANGE_LOOP_ANALYSIS = YES;
				CLANG_WARN_STRICT_PROTOTYPES = YES;
				CLANG_WARN_SUSPICIOUS_MOVE = YES;
				CLANG_WARN_UNGUARDED_AVAILABILITY = YES_AGGRESSIVE;
				CLANG_WARN_UNREACHABLE_CODE = YES;
				CLANG_WARN__DUPLICATE_METHOD_MATCH = YES;
				COPY_PHASE_STRIP = NO;
				DEBUG_INFORMATION_FORMAT = "dwarf-with-dsym";
				ENABLE_NS_ASSERTIONS = NO;
				ENABLE_STRICT_OBJC_MSGSEND = YES;
				GCC_C_LANGUAGE_STANDARD = gnu11;
				GCC_NO_COMMON_BLOCKS = YES;
				GCC_WARN_64_TO_32_BIT_CONVERSION = YES;
				GCC_WARN_ABOUT_RETURN_TYPE = YES_ERROR;
				GCC_WARN_UNDECLARED_SELECTOR = YES;
				GCC_WARN_UNINITIALIZED_AUTOS = YES_AGGRESSIVE;
				GCC_WARN_UNUSED_FUNCTION = YES;
				GCC_WARN_UNUSED_VARIABLE = YES;
				IPHONEOS_DEPLOYMENT_TARGET = 15.2;
				MTL_ENABLE_DEBUG_INFO = NO;
				MTL_FAST_MATH = YES;
				SDKROOT = iphoneos;
				SWIFT_COMPILATION_MODE = wholemodule;
				SWIFT_OPTIMIZATION_LEVEL = "-O";
				VALIDATE_PRODUCT = YES;
			};
			name = Release;
		};
		90F76F9E27F5C54A000D05BA /* Debug */ = {
			isa = XCBuildConfiguration;
			buildSettings = {
				ASSETCATALOG_COMPILER_APPICON_NAME = AppIcon;
				ASSETCATALOG_COMPILER_GLOBAL_ACCENT_COLOR_NAME = AccentColor;
				CODE_SIGN_STYLE = Automatic;
				CURRENT_PROJECT_VERSION = 1;
				DEVELOPMENT_TEAM = L26CH9J4A9;
				GENERATE_INFOPLIST_FILE = YES;
				INFOPLIST_FILE = "vidio clone/Info.plist";
				INFOPLIST_KEY_UIApplicationSupportsIndirectInputEvents = YES;
				INFOPLIST_KEY_UILaunchStoryboardName = LaunchScreen;
				INFOPLIST_KEY_UISupportedInterfaceOrientations_iPad = "UIInterfaceOrientationPortrait UIInterfaceOrientationPortraitUpsideDown UIInterfaceOrientationLandscapeLeft UIInterfaceOrientationLandscapeRight";
				INFOPLIST_KEY_UISupportedInterfaceOrientations_iPhone = "UIInterfaceOrientationPortrait UIInterfaceOrientationLandscapeLeft UIInterfaceOrientationLandscapeRight";
				LD_RUNPATH_SEARCH_PATHS = (
					"$(inherited)",
					"@executable_path/Frameworks",
				);
				MARKETING_VERSION = 1.0;
				PRODUCT_BUNDLE_IDENTIFIER = "com.ydhstj..vidio-clone";
				PRODUCT_NAME = "$(TARGET_NAME)";
				SWIFT_EMIT_LOC_STRINGS = YES;
				SWIFT_VERSION = 5.0;
				TARGETED_DEVICE_FAMILY = "1,2";
			};
			name = Debug;
		};
		90F76F9F27F5C54A000D05BA /* Release */ = {
			isa = XCBuildConfiguration;
			buildSettings = {
				ASSETCATALOG_COMPILER_APPICON_NAME = AppIcon;
				ASSETCATALOG_COMPILER_GLOBAL_ACCENT_COLOR_NAME = AccentColor;
				CODE_SIGN_STYLE = Automatic;
				CURRENT_PROJECT_VERSION = 1;
				DEVELOPMENT_TEAM = L26CH9J4A9;
				GENERATE_INFOPLIST_FILE = YES;
				INFOPLIST_FILE = "vidio clone/Info.plist";
				INFOPLIST_KEY_UIApplicationSupportsIndirectInputEvents = YES;
				INFOPLIST_KEY_UILaunchStoryboardName = LaunchScreen;
				INFOPLIST_KEY_UISupportedInterfaceOrientations_iPad = "UIInterfaceOrientationPortrait UIInterfaceOrientationPortraitUpsideDown UIInterfaceOrientationLandscapeLeft UIInterfaceOrientationLandscapeRight";
				INFOPLIST_KEY_UISupportedInterfaceOrientations_iPhone = "UIInterfaceOrientationPortrait UIInterfaceOrientationLandscapeLeft UIInterfaceOrientationLandscapeRight";
				LD_RUNPATH_SEARCH_PATHS = (
					"$(inherited)",
					"@executable_path/Frameworks",
				);
				MARKETING_VERSION = 1.0;
				PRODUCT_BUNDLE_IDENTIFIER = "com.ydhstj..vidio-clone";
				PRODUCT_NAME = "$(TARGET_NAME)";
				SWIFT_EMIT_LOC_STRINGS = YES;
				SWIFT_VERSION = 5.0;
				TARGETED_DEVICE_FAMILY = "1,2";
			};
			name = Release;
		};
/* End XCBuildConfiguration section */

/* Begin XCConfigurationList section */
		90F76F8427F5C547000D05BA /* Build configuration list for PBXProject "vidio clone" */ = {
			isa = XCConfigurationList;
			buildConfigurations = (
				90F76F9B27F5C54A000D05BA /* Debug */,
				90F76F9C27F5C54A000D05BA /* Release */,
			);
			defaultConfigurationIsVisible = 0;
			defaultConfigurationName = Release;
		};
		90F76F9D27F5C54A000D05BA /* Build configuration list for PBXNativeTarget "vidio clone" */ = {
			isa = XCConfigurationList;
			buildConfigurations = (
				90F76F9E27F5C54A000D05BA /* Debug */,
				90F76F9F27F5C54A000D05BA /* Release */,
			);
			defaultConfigurationIsVisible = 0;
			defaultConfigurationName = Release;
		};
/* End XCConfigurationList section */
	};
	rootObject = 90F76F8127F5C547000D05BA /* Project object */;
}
